
Microsoft Visual Studio Solution File, Format Version 12.00
Project("{2150E333-8FDC-42A3-9474-1A3956D46DE8}") = "src", "src", "{6F8EBA97-641E-458C-A05E-38FA797AE79C}"
EndProject
Project("{2150E333-8FDC-42A3-9474-1A3956D46DE8}") = "tests", "tests", "{71F1836D-C795-4F24-BFB3-B425E4530B2A}"
EndProject
Project("{2150E333-8FDC-42A3-9474-1A3956D46DE8}") = "SolutionFolder", "SolutionFolder", "{02756E46-74C9-4FC6-8FAE-EB3FEB760E6D}"
	ProjectSection(SolutionItems) = preProject
		.gitignore = .gitignore
		README.md = README.md
	EndProjectSection
EndProject
Project("{FAE04EC0-301F-11D3-BF4B-00C04F79EFBC}") = "Domain", "src\Domain\Domain.csproj", "{E8645616-0925-45D3-A439-3DBA0B87BF75}"
EndProject
Project("{FAE04EC0-301F-11D3-BF4B-00C04F79EFBC}") = "Application", "src\Application\Application.csproj", "{43CF1C53-70A7-4B04-BD09-9E59CC1491DA}"
EndProject
Project("{FAE04EC0-301F-11D3-BF4B-00C04F79EFBC}") = "Infrastructure", "src\Infrastructure\Infrastructure.csproj", "{ED7222F6-D66A-4BA0-B809-A81DAF5FA590}"
EndProject
Project("{FAE04EC0-301F-11D3-BF4B-00C04F79EFBC}") = "WebAPI", "src\WebAPI\WebAPI.csproj", "{F28E0165-6BCB-4000-A9FF-F3928605345B}"
EndProject
Project("{FAE04EC0-301F-11D3-BF4B-00C04F79EFBC}") = "Domain.UnitTests", "tests\Domain.UnitTests\Domain.UnitTests.csproj", "{F5032CEB-42FB-4205-9A15-E485532462C7}"
EndProject
Project("{FAE04EC0-301F-11D3-BF4B-00C04F79EFBC}") = "Application.UnitTests", "tests\Application.UnitTests\Application.UnitTests.csproj", "{AE90C9B8-7237-4813-9DA1-0312C5CD4F64}"
EndProject
Project("{FAE04EC0-301F-11D3-BF4B-00C04F79EFBC}") = "Infrastructure.UnitTests", "tests\Infrastructure.UnitTests\Infrastructure.UnitTests.csproj", "{C7593FF9-D390-43EC-A4B2-086E5302FB19}"
EndProject
Project("{FAE04EC0-301F-11D3-BF4B-00C04F79EFBC}") = "WebAPI.UnitTests", "tests\WebAPI.UnitTests\WebAPI.UnitTests.csproj", "{9A0D1D4E-8863-41CC-B054-48870D3FBA8C}"
EndProject
Project("{FAE04EC0-301F-11D3-BF4B-00C04F79EFBC}") = "WebAPI.IntegrationTests", "tests\WebAPI.IntegrationTests\WebAPI.IntegrationTests.csproj", "{99DAD2EC-C586-448F-89D8-523940938DC8}"
EndProject
Global
	GlobalSection(SolutionConfigurationPlatforms) = preSolution
		Debug|Any CPU = Debug|Any CPU
		Release|Any CPU = Release|Any CPU
	EndGlobalSection
	GlobalSection(NestedProjects) = preSolution
		{E8645616-0925-45D3-A439-3DBA0B87BF75} = {6F8EBA97-641E-458C-A05E-38FA797AE79C}
		{43CF1C53-70A7-4B04-BD09-9E59CC1491DA} = {6F8EBA97-641E-458C-A05E-38FA797AE79C}
		{ED7222F6-D66A-4BA0-B809-A81DAF5FA590} = {6F8EBA97-641E-458C-A05E-38FA797AE79C}
		{F28E0165-6BCB-4000-A9FF-F3928605345B} = {6F8EBA97-641E-458C-A05E-38FA797AE79C}
		{F5032CEB-42FB-4205-9A15-E485532462C7} = {71F1836D-C795-4F24-BFB3-B425E4530B2A}
		{AE90C9B8-7237-4813-9DA1-0312C5CD4F64} = {71F1836D-C795-4F24-BFB3-B425E4530B2A}
		{C7593FF9-D390-43EC-A4B2-086E5302FB19} = {71F1836D-C795-4F24-BFB3-B425E4530B2A}
		{9A0D1D4E-8863-41CC-B054-48870D3FBA8C} = {71F1836D-C795-4F24-BFB3-B425E4530B2A}
		{99DAD2EC-C586-448F-89D8-523940938DC8} = {71F1836D-C795-4F24-BFB3-B425E4530B2A}
	EndGlobalSection
	GlobalSection(ProjectConfigurationPlatforms) = postSolution
		{E8645616-0925-45D3-A439-3DBA0B87BF75}.Debug|Any CPU.ActiveCfg = Debug|Any CPU
		{E8645616-0925-45D3-A439-3DBA0B87BF75}.Debug|Any CPU.Build.0 = Debug|Any CPU
		{E8645616-0925-45D3-A439-3DBA0B87BF75}.Release|Any CPU.ActiveCfg = Release|Any CPU
		{E8645616-0925-45D3-A439-3DBA0B87BF75}.Release|Any CPU.Build.0 = Release|Any CPU
		{43CF1C53-70A7-4B04-BD09-9E59CC1491DA}.Debug|Any CPU.ActiveCfg = Debug|Any CPU
		{43CF1C53-70A7-4B04-BD09-9E59CC1491DA}.Debug|Any CPU.Build.0 = Debug|Any CPU
		{43CF1C53-70A7-4B04-BD09-9E59CC1491DA}.Release|Any CPU.ActiveCfg = Release|Any CPU
		{43CF1C53-70A7-4B04-BD09-9E59CC1491DA}.Release|Any CPU.Build.0 = Release|Any CPU
		{ED7222F6-D66A-4BA0-B809-A81DAF5FA590}.Debug|Any CPU.ActiveCfg = Debug|Any CPU
		{ED7222F6-D66A-4BA0-B809-A81DAF5FA590}.Debug|Any CPU.Build.0 = Debug|Any CPU
		{ED7222F6-D66A-4BA0-B809-A81DAF5FA590}.Release|Any CPU.ActiveCfg = Release|Any CPU
		{ED7222F6-D66A-4BA0-B809-A81DAF5FA590}.Release|Any CPU.Build.0 = Release|Any CPU
		{F28E0165-6BCB-4000-A9FF-F3928605345B}.Debug|Any CPU.ActiveCfg = Debug|Any CPU
		{F28E0165-6BCB-4000-A9FF-F3928605345B}.Debug|Any CPU.Build.0 = Debug|Any CPU
		{F28E0165-6BCB-4000-A9FF-F3928605345B}.Release|Any CPU.ActiveCfg = Release|Any CPU
		{F28E0165-6BCB-4000-A9FF-F3928605345B}.Release|Any CPU.Build.0 = Release|Any CPU
		{F5032CEB-42FB-4205-9A15-E485532462C7}.Debug|Any CPU.ActiveCfg = Debug|Any CPU
		{F5032CEB-42FB-4205-9A15-E485532462C7}.Debug|Any CPU.Build.0 = Debug|Any CPU
		{F5032CEB-42FB-4205-9A15-E485532462C7}.Release|Any CPU.ActiveCfg = Release|Any CPU
		{F5032CEB-42FB-4205-9A15-E485532462C7}.Release|Any CPU.Build.0 = Release|Any CPU
		{AE90C9B8-7237-4813-9DA1-0312C5CD4F64}.Debug|Any CPU.ActiveCfg = Debug|Any CPU
		{AE90C9B8-7237-4813-9DA1-0312C5CD4F64}.Debug|Any CPU.Build.0 = Debug|Any CPU
		{AE90C9B8-7237-4813-9DA1-0312C5CD4F64}.Release|Any CPU.ActiveCfg = Release|Any CPU
		{AE90C9B8-7237-4813-9DA1-0312C5CD4F64}.Release|Any CPU.Build.0 = Release|Any CPU
		{C7593FF9-D390-43EC-A4B2-086E5302FB19}.Debug|Any CPU.ActiveCfg = Debug|Any CPU
		{C7593FF9-D390-43EC-A4B2-086E5302FB19}.Debug|Any CPU.Build.0 = Debug|Any CPU
		{C7593FF9-D390-43EC-A4B2-086E5302FB19}.Release|Any CPU.ActiveCfg = Release|Any CPU
		{C7593FF9-D390-43EC-A4B2-086E5302FB19}.Release|Any CPU.Build.0 = Release|Any CPU
		{9A0D1D4E-8863-41CC-B054-48870D3FBA8C}.Debug|Any CPU.ActiveCfg = Debug|Any CPU
		{9A0D1D4E-8863-41CC-B054-48870D3FBA8C}.Debug|Any CPU.Build.0 = Debug|Any CPU
		{9A0D1D4E-8863-41CC-B054-48870D3FBA8C}.Release|Any CPU.ActiveCfg = Release|Any CPU
		{9A0D1D4E-8863-41CC-B054-48870D3FBA8C}.Release|Any CPU.Build.0 = Release|Any CPU
		{99DAD2EC-C586-448F-89D8-523940938DC8}.Debug|Any CPU.ActiveCfg = Debug|Any CPU
		{99DAD2EC-C586-448F-89D8-523940938DC8}.Debug|Any CPU.Build.0 = Debug|Any CPU
		{99DAD2EC-C586-448F-89D8-523940938DC8}.Release|Any CPU.ActiveCfg = Release|Any CPU
		{99DAD2EC-C586-448F-89D8-523940938DC8}.Release|Any CPU.Build.0 = Release|Any CPU
	EndGlobalSection
EndGlobal
